{"format_version":"1.2","terraform_version":"1.6.0","planned_values":{"root_module":{"resources":[{"address":"aws_iam_policy.this","mode":"managed","type":"aws_iam_policy","name":"this","provider_name":"registry.terraform.io/hashicorp/aws","schema_version":0,"values":{"description":null,"path":"/","policy":"{\"Statement\":[{\"Action\":\"ec2:*\",\"Effect\":\"Allow\",\"Resource\":\"*\",\"Sid\":\"Test\"}],\"Version\":\"2012-10-17\"}","tags":null},"sensitive_values":{"tags_all":{}}},{"address":"aws_ssoadmin_permission_set.test","mode":"managed","type":"aws_ssoadmin_permission_set","name":"test","provider_name":"registry.terraform.io/hashicorp/aws","schema_version":0,"values":{"description":null,"instance_arn":"arn:aws:sso:::instance/ssoins-6804b50bc8ee7e12","name":"test","relay_state":null,"session_duration":"PT1H","tags":null,"timeouts":null},"sensitive_values":{"tags_all":{}}},{"address":"aws_ssoadmin_permission_set_inline_policy.this","mode":"managed","type":"aws_ssoadmin_permission_set_inline_policy","name":"this","provider_name":"registry.terraform.io/hashicorp/aws","schema_version":0,"values":{"inline_policy":"{\"Statement\":[{\"Action\":\"ec2:*\",\"Effect\":\"Allow\",\"Resource\":\"*\",\"Sid\":\"Test\"}],\"Version\":\"2012-10-17\"}","instance_arn":"arn:aws:sso:::instance/ssoins-6804b50bc8ee7e12","timeouts":null},"sensitive_values":{}}]}},"resource_changes":[{"address":"aws_iam_policy.this","mode":"managed","type":"aws_iam_policy","name":"this","provider_name":"registry.terraform.io/hashicorp/aws","change":{"actions":["create"],"before":null,"after":{"description":null,"path":"/","policy":"{\"Statement\":[{\"Action\":\"ec2:*\",\"Effect\":\"Allow\",\"Resource\":\"*\",\"Sid\":\"Test\"}],\"Version\":\"2012-10-17\"}","tags":null},"after_unknown":{"arn":true,"id":true,"name":true,"name_prefix":true,"policy_id":true,"tags_all":true},"before_sensitive":false,"after_sensitive":{"tags_all":{}}}},{"address":"aws_ssoadmin_permission_set.test","mode":"managed","type":"aws_ssoadmin_permission_set","name":"test","provider_name":"registry.terraform.io/hashicorp/aws","change":{"actions":["create"],"before":null,"after":{"description":null,"instance_arn":"arn:aws:sso:::instance/ssoins-6804b50bc8ee7e12","name":"test","relay_state":null,"session_duration":"PT1H","tags":null,"timeouts":null},"after_unknown":{"arn":true,"created_date":true,"id":true,"tags_all":true},"before_sensitive":false,"after_sensitive":{"tags_all":{}}}},{"address":"aws_ssoadmin_permission_set_inline_policy.this","mode":"managed","type":"aws_ssoadmin_permission_set_inline_policy","name":"this","provider_name":"registry.terraform.io/hashicorp/aws","change":{"actions":["create"],"before":null,"after":{"inline_policy":"{\"Statement\":[{\"Action\":\"ec2:*\",\"Effect\":\"Allow\",\"Resource\":\"*\",\"Sid\":\"Test\"}],\"Version\":\"2012-10-17\"}","instance_arn":"arn:aws:sso:::instance/ssoins-6804b50bc8ee7e12","timeouts":null},"after_unknown":{"id":true,"permission_set_arn":true},"before_sensitive":false,"after_sensitive":{}}}],"prior_state":{"format_version":"1.0","terraform_version":"1.6.0","values":{"root_module":{"resources":[{"address":"data.aws_iam_policy_document.iam_policy","mode":"data","type":"aws_iam_policy_document","name":"iam_policy","provider_name":"registry.terraform.io/hashicorp/aws","schema_version":0,"values":{"id":"525031878","json":"{\n  \"Version\": \"2012-10-17\",\n  \"Statement\": [\n    {\n      \"Sid\": \"Test\",\n      \"Effect\": \"Allow\",\n      \"Action\": \"ec2:*\",\n      \"Resource\": \"*\"\n    }\n  ]\n}","override_policy_documents":null,"policy_id":null,"source_policy_documents":null,"statement":[{"actions":["ec2:*"],"condition":[],"effect":"Allow","not_actions":[],"not_principals":[],"not_resources":[],"principals":[],"resources":["*"],"sid":"Test"}],"version":"2012-10-17"},"sensitive_values":{"statement":[{"actions":[false],"condition":[],"not_actions":[],"not_principals":[],"not_resources":[],"principals":[],"resources":[false]}]}},{"address":"data.aws_iam_policy_document.permission_set_inline_policy","mode":"data","type":"aws_iam_policy_document","name":"permission_set_inline_policy","provider_name":"registry.terraform.io/hashicorp/aws","schema_version":0,"values":{"id":"525031878","json":"{\n  \"Version\": \"2012-10-17\",\n  \"Statement\": [\n    {\n      \"Sid\": \"Test\",\n      \"Effect\": \"Allow\",\n      \"Action\": \"ec2:*\",\n      \"Resource\": \"*\"\n    }\n  ]\n}","override_policy_documents":null,"policy_id":null,"source_policy_documents":null,"statement":[{"actions":["ec2:*"],"condition":[],"effect":"Allow","not_actions":[],"not_principals":[],"not_resources":[],"principals":[],"resources":["*"],"sid":"Test"}],"version":"2012-10-17"},"sensitive_values":{"statement":[{"actions":[false],"condition":[],"not_actions":[],"not_principals":[],"not_resources":[],"principals":[],"resources":[false]}]}},{"address":"data.aws_ssoadmin_instances.this","mode":"data","type":"aws_ssoadmin_instances","name":"this","provider_name":"registry.terraform.io/hashicorp/aws","schema_version":0,"values":{"arns":["arn:aws:sso:::instance/ssoins-6804b50bc8ee7e12"],"id":"eu-west-1","identity_store_ids":["d-936708e747"]},"sensitive_values":{"arns":[false],"identity_store_ids":[false]}}]}}},"configuration":{"provider_config":{"aws":{"name":"aws","full_name":"registry.terraform.io/hashicorp/aws"}},"root_module":{"resources":[{"address":"aws_iam_policy.this","mode":"managed","type":"aws_iam_policy","name":"this","provider_config_key":"aws","expressions":{"policy":{"references":["data.aws_iam_policy_document.iam_policy.json","data.aws_iam_policy_document.iam_policy"]}},"schema_version":0},{"address":"aws_ssoadmin_permission_set.test","mode":"managed","type":"aws_ssoadmin_permission_set","name":"test","provider_config_key":"aws","expressions":{"instance_arn":{"references":["data.aws_ssoadmin_instances.this.arns","data.aws_ssoadmin_instances.this"]},"name":{"constant_value":"test"}},"schema_version":0},{"address":"aws_ssoadmin_permission_set_inline_policy.this","mode":"managed","type":"aws_ssoadmin_permission_set_inline_policy","name":"this","provider_config_key":"aws","expressions":{"inline_policy":{"references":["data.aws_iam_policy_document.permission_set_inline_policy.json","data.aws_iam_policy_document.permission_set_inline_policy"]},"instance_arn":{"references":["data.aws_ssoadmin_instances.this.arns","data.aws_ssoadmin_instances.this"]},"permission_set_arn":{"references":["aws_ssoadmin_permission_set.test.arn","aws_ssoadmin_permission_set.test"]}},"schema_version":0},{"address":"data.aws_iam_policy_document.iam_policy","mode":"data","type":"aws_iam_policy_document","name":"iam_policy","provider_config_key":"aws","expressions":{"statement":[{"actions":{"constant_value":["ec2:*"]},"effect":{"constant_value":"Allow"},"resources":{"constant_value":["*"]},"sid":{"constant_value":"Test"}}]},"schema_version":0},{"address":"data.aws_iam_policy_document.permission_set_inline_policy","mode":"data","type":"aws_iam_policy_document","name":"permission_set_inline_policy","provider_config_key":"aws","expressions":{"statement":[{"actions":{"constant_value":["ec2:*"]},"effect":{"constant_value":"Allow"},"resources":{"constant_value":["*"]},"sid":{"constant_value":"Test"}}]},"schema_version":0},{"address":"data.aws_ssoadmin_instances.this","mode":"data","type":"aws_ssoadmin_instances","name":"this","provider_config_key":"aws","schema_version":0}]}},"relevant_attributes":[{"resource":"aws_ssoadmin_permission_set.test","attribute":["arn"]},{"resource":"data.aws_iam_policy_document.iam_policy","attribute":["json"]},{"resource":"data.aws_ssoadmin_instances.this","attribute":["arns"]},{"resource":"data.aws_iam_policy_document.permission_set_inline_policy","attribute":["json"]}],"timestamp":"2023-12-01T22:11:31Z","errored":false}
